
Microsoft Visual Studio Solution File, Format Version 12.00
# Visual Studio Version 16
VisualStudioVersion = 16.0.29519.181
MinimumVisualStudioVersion = 10.0.40219.1
Project("{FAE04EC0-301F-11D3-BF4B-00C04F79EFBC}") = "DelegateEvent", "DelegateEvent\DelegateEvent.csproj", "{EEB757C0-CB8E-40D3-A1B7-BF98F27ADD36}"
EndProject
Global
	GlobalSection(SolutionConfigurationPlatforms) = preSolution
		Debug|Any CPU = Debug|Any CPU
		Release|Any CPU = Release|Any CPU
	EndGlobalSection
	GlobalSection(ProjectConfigurationPlatforms) = postSolution
		{EEB757C0-CB8E-40D3-A1B7-BF98F27ADD36}.Debug|Any CPU.ActiveCfg = Debug|Any CPU
		{EEB757C0-CB8E-40D3-A1B7-BF98F27ADD36}.Debug|Any CPU.Build.0 = Debug|Any CPU
		{EEB757C0-CB8E-40D3-A1B7-BF98F27ADD36}.Release|Any CPU.ActiveCfg = Release|Any CPU
		{EEB757C0-CB8E-40D3-A1B7-BF98F27ADD36}.Release|Any CPU.Build.0 = Release|Any CPU
	EndGlobalSection
	GlobalSection(SolutionProperties) = preSolution
		HideSolutionNode = FALSE
	EndGlobalSection
	GlobalSection(ExtensibilityGlobals) = postSolution
		SolutionGuid = {E139C1A0-10E9-4676-8F49-2890797E4155}
	EndGlobalSection
EndGlobal
